
Microsoft Visual Studio Solution File, Format Version 12.00
# Visual Studio Version 16
VisualStudioVersion = 16.0.30114.105
MinimumVisualStudioVersion = 10.0.40219.1
Project("{FAE04EC0-301F-11D3-BF4B-00C04F79EFBC}") = "ProEventos.Application", "ProEventos.Application\ProEventos.Application.csproj", "{3B229772-F3CC-4FC6-9700-BE2106BA5729}"
EndProject
Project("{FAE04EC0-301F-11D3-BF4B-00C04F79EFBC}") = "ProEventos.Domain", "ProEventos.Domain\ProEventos.Domain.csproj", "{CE2C0F53-54F8-40B4-87C0-AAC717D81603}"
EndProject
Project("{FAE04EC0-301F-11D3-BF4B-00C04F79EFBC}") = "ProEventos.API", "ProEventos.API\ProEventos.API.csproj", "{9B495C7C-9013-4700-AC8F-D80DBAF0B0A7}"
EndProject
Project("{FAE04EC0-301F-11D3-BF4B-00C04F79EFBC}") = "ProEventos.Persistence", "ProEventos.Persistence\ProEventos.Persistence.csproj", "{1D520E53-693D-4335-8023-4F0E31288863}"
EndProject
Global
	GlobalSection(SolutionConfigurationPlatforms) = preSolution
		Debug|Any CPU = Debug|Any CPU
		Debug|x64 = Debug|x64
		Debug|x86 = Debug|x86
		Release|Any CPU = Release|Any CPU
		Release|x64 = Release|x64
		Release|x86 = Release|x86
	EndGlobalSection
	GlobalSection(SolutionProperties) = preSolution
		HideSolutionNode = FALSE
	EndGlobalSection
	GlobalSection(ProjectConfigurationPlatforms) = postSolution
		{3B229772-F3CC-4FC6-9700-BE2106BA5729}.Debug|Any CPU.ActiveCfg = Debug|Any CPU
		{3B229772-F3CC-4FC6-9700-BE2106BA5729}.Debug|Any CPU.Build.0 = Debug|Any CPU
		{3B229772-F3CC-4FC6-9700-BE2106BA5729}.Debug|x64.ActiveCfg = Debug|Any CPU
		{3B229772-F3CC-4FC6-9700-BE2106BA5729}.Debug|x64.Build.0 = Debug|Any CPU
		{3B229772-F3CC-4FC6-9700-BE2106BA5729}.Debug|x86.ActiveCfg = Debug|Any CPU
		{3B229772-F3CC-4FC6-9700-BE2106BA5729}.Debug|x86.Build.0 = Debug|Any CPU
		{3B229772-F3CC-4FC6-9700-BE2106BA5729}.Release|Any CPU.ActiveCfg = Release|Any CPU
		{3B229772-F3CC-4FC6-9700-BE2106BA5729}.Release|Any CPU.Build.0 = Release|Any CPU
		{3B229772-F3CC-4FC6-9700-BE2106BA5729}.Release|x64.ActiveCfg = Release|Any CPU
		{3B229772-F3CC-4FC6-9700-BE2106BA5729}.Release|x64.Build.0 = Release|Any CPU
		{3B229772-F3CC-4FC6-9700-BE2106BA5729}.Release|x86.ActiveCfg = Release|Any CPU
		{3B229772-F3CC-4FC6-9700-BE2106BA5729}.Release|x86.Build.0 = Release|Any CPU
		{CE2C0F53-54F8-40B4-87C0-AAC717D81603}.Debug|Any CPU.ActiveCfg = Debug|Any CPU
		{CE2C0F53-54F8-40B4-87C0-AAC717D81603}.Debug|Any CPU.Build.0 = Debug|Any CPU
		{CE2C0F53-54F8-40B4-87C0-AAC717D81603}.Debug|x64.ActiveCfg = Debug|Any CPU
		{CE2C0F53-54F8-40B4-87C0-AAC717D81603}.Debug|x64.Build.0 = Debug|Any CPU
		{CE2C0F53-54F8-40B4-87C0-AAC717D81603}.Debug|x86.ActiveCfg = Debug|Any CPU
		{CE2C0F53-54F8-40B4-87C0-AAC717D81603}.Debug|x86.Build.0 = Debug|Any CPU
		{CE2C0F53-54F8-40B4-87C0-AAC717D81603}.Release|Any CPU.ActiveCfg = Release|Any CPU
		{CE2C0F53-54F8-40B4-87C0-AAC717D81603}.Release|Any CPU.Build.0 = Release|Any CPU
		{CE2C0F53-54F8-40B4-87C0-AAC717D81603}.Release|x64.ActiveCfg = Release|Any CPU
		{CE2C0F53-54F8-40B4-87C0-AAC717D81603}.Release|x64.Build.0 = Release|Any CPU
		{CE2C0F53-54F8-40B4-87C0-AAC717D81603}.Release|x86.ActiveCfg = Release|Any CPU
		{CE2C0F53-54F8-40B4-87C0-AAC717D81603}.Release|x86.Build.0 = Release|Any CPU
		{9B495C7C-9013-4700-AC8F-D80DBAF0B0A7}.Debug|Any CPU.ActiveCfg = Debug|Any CPU
		{9B495C7C-9013-4700-AC8F-D80DBAF0B0A7}.Debug|Any CPU.Build.0 = Debug|Any CPU
		{9B495C7C-9013-4700-AC8F-D80DBAF0B0A7}.Debug|x64.ActiveCfg = Debug|Any CPU
		{9B495C7C-9013-4700-AC8F-D80DBAF0B0A7}.Debug|x64.Build.0 = Debug|Any CPU
		{9B495C7C-9013-4700-AC8F-D80DBAF0B0A7}.Debug|x86.ActiveCfg = Debug|Any CPU
		{9B495C7C-9013-4700-AC8F-D80DBAF0B0A7}.Debug|x86.Build.0 = Debug|Any CPU
		{9B495C7C-9013-4700-AC8F-D80DBAF0B0A7}.Release|Any CPU.ActiveCfg = Release|Any CPU
		{9B495C7C-9013-4700-AC8F-D80DBAF0B0A7}.Release|Any CPU.Build.0 = Release|Any CPU
		{9B495C7C-9013-4700-AC8F-D80DBAF0B0A7}.Release|x64.ActiveCfg = Release|Any CPU
		{9B495C7C-9013-4700-AC8F-D80DBAF0B0A7}.Release|x64.Build.0 = Release|Any CPU
		{9B495C7C-9013-4700-AC8F-D80DBAF0B0A7}.Release|x86.ActiveCfg = Release|Any CPU
		{9B495C7C-9013-4700-AC8F-D80DBAF0B0A7}.Release|x86.Build.0 = Release|Any CPU
		{1D520E53-693D-4335-8023-4F0E31288863}.Debug|Any CPU.ActiveCfg = Debug|Any CPU
		{1D520E53-693D-4335-8023-4F0E31288863}.Debug|Any CPU.Build.0 = Debug|Any CPU
		{1D520E53-693D-4335-8023-4F0E31288863}.Debug|x64.ActiveCfg = Debug|Any CPU
		{1D520E53-693D-4335-8023-4F0E31288863}.Debug|x64.Build.0 = Debug|Any CPU
		{1D520E53-693D-4335-8023-4F0E31288863}.Debug|x86.ActiveCfg = Debug|Any CPU
		{1D520E53-693D-4335-8023-4F0E31288863}.Debug|x86.Build.0 = Debug|Any CPU
		{1D520E53-693D-4335-8023-4F0E31288863}.Release|Any CPU.ActiveCfg = Release|Any CPU
		{1D520E53-693D-4335-8023-4F0E31288863}.Release|Any CPU.Build.0 = Release|Any CPU
		{1D520E53-693D-4335-8023-4F0E31288863}.Release|x64.ActiveCfg = Release|Any CPU
		{1D520E53-693D-4335-8023-4F0E31288863}.Release|x64.Build.0 = Release|Any CPU
		{1D520E53-693D-4335-8023-4F0E31288863}.Release|x86.ActiveCfg = Release|Any CPU
		{1D520E53-693D-4335-8023-4F0E31288863}.Release|x86.Build.0 = Release|Any CPU
	EndGlobalSection
EndGlobal
